
Microsoft Visual Studio Solution File, Format Version 12.00
# Visual Studio Version 16
VisualStudioVersion = 16.0.28729.10
MinimumVisualStudioVersion = 10.0.40219.1
Project("{8BC9CEB8-8B4A-11D0-8D11-00A0C91BC942}") = "IdClient", "IdClient.vcxproj", "{460268BB-82A9-491B-B5B6-3B192F6115DE}"
EndProject
Global
	GlobalSection(SolutionConfigurationPlatforms) = preSolution
		Debug|x64 = Debug|x64
		Debug|x86 = Debug|x86
		Release|x64 = Release|x64
		Release|x86 = Release|x86
	EndGlobalSection
	GlobalSection(ProjectConfigurationPlatforms) = postSolution
		{460268BB-82A9-491B-B5B6-3B192F6115DE}.Debug|x64.ActiveCfg = Debug|x64
		{460268BB-82A9-491B-B5B6-3B192F6115DE}.Debug|x64.Build.0 = Debug|x64
		{460268BB-82A9-491B-B5B6-3B192F6115DE}.Debug|x86.ActiveCfg = Debug|Win32
		{460268BB-82A9-491B-B5B6-3B192F6115DE}.Debug|x86.Build.0 = Debug|Win32
		{460268BB-82A9-491B-B5B6-3B192F6115DE}.Release|x64.ActiveCfg = Release|x64
		{460268BB-82A9-491B-B5B6-3B192F6115DE}.Release|x64.Build.0 = Release|x64
		{460268BB-82A9-491B-B5B6-3B192F6115DE}.Release|x86.ActiveCfg = Release|Win32
		{460268BB-82A9-491B-B5B6-3B192F6115DE}.Release|x86.Build.0 = Release|Win32
	EndGlobalSection
	GlobalSection(SolutionProperties) = preSolution
		HideSolutionNode = FALSE
	EndGlobalSection
	GlobalSection(ExtensibilityGlobals) = postSolution
		SolutionGuid = {69836361-42F0-4219-B30B-3423D164980E}
	EndGlobalSection
EndGlobal
